// !$*UTF8*$!
{
	archiveVersion = 1;
	classes = {
	};
	objectVersion = 46;
	objects = {

/* Begin PBXBuildFile section */
		03C336D61EF78FF300588209 /* main.m in Sources */ = {isa = PBXBuildFile; fileRef = 03C336D51EF78FF300588209 /* main.m */; };
		03C336D91EF78FF300588209 /* AppDelegate.m in Sources */ = {isa = PBXBuildFile; fileRef = 03C336D81EF78FF300588209 /* AppDelegate.m */; };
		03C336DC1EF78FF300588209 /* ThisDayInHistory.xcdatamodeld in Sources */ = {isa = PBXBuildFile; fileRef = 03C336DA1EF78FF300588209 /* ThisDayInHistory.xcdatamodeld */; };
		03C336DF1EF78FF300588209 /* MasterViewController.m in Sources */ = {isa = PBXBuildFile; fileRef = 03C336DE1EF78FF300588209 /* MasterViewController.m */; };
		03C336E21EF78FF300588209 /* DetailViewController.m in Sources */ = {isa = PBXBuildFile; fileRef = 03C336E11EF78FF300588209 /* DetailViewController.m */; };
		03C336E51EF78FF300588209 /* Main.storyboard in Resources */ = {isa = PBXBuildFile; fileRef = 03C336E31EF78FF300588209 /* Main.storyboard */; };
		03C336E71EF78FF300588209 /* Assets.xcassets in Resources */ = {isa = PBXBuildFile; fileRef = 03C336E61EF78FF300588209 /* Assets.xcassets */; };
		03C336EA1EF78FF300588209 /* LaunchScreen.storyboard in Resources */ = {isa = PBXBuildFile; fileRef = 03C336E81EF78FF300588209 /* LaunchScreen.storyboard */; };
		03C336F51EF78FF300588209 /* ThisDayInHistoryTests.m in Sources */ = {isa = PBXBuildFile; fileRef = 03C336F41EF78FF300588209 /* ThisDayInHistoryTests.m */; };
		03C337001EF78FF300588209 /* ThisDayInHistoryUITests.m in Sources */ = {isa = PBXBuildFile; fileRef = 03C336FF1EF78FF300588209 /* ThisDayInHistoryUITests.m */; };
		03C3370F1EF7962D00588209 /* WikipediaAPIService.m in Sources */ = {isa = PBXBuildFile; fileRef = 03C3370E1EF7962D00588209 /* WikipediaAPIService.m */; };
		03C337121EF7B24B00588209 /* ThisDayData.m in Sources */ = {isa = PBXBuildFile; fileRef = 03C337111EF7B24B00588209 /* ThisDayData.m */; };
/* End PBXBuildFile section */

/* Begin PBXContainerItemProxy section */
		03C336F11EF78FF300588209 /* PBXContainerItemProxy */ = {
			isa = PBXContainerItemProxy;
			containerPortal = 03C336C91EF78FF300588209 /* Project object */;
			proxyType = 1;
			remoteGlobalIDString = 03C336D01EF78FF300588209;
			remoteInfo = ThisDayInHistory;
		};
		03C336FC1EF78FF300588209 /* PBXContainerItemProxy */ = {
			isa = PBXContainerItemProxy;
			containerPortal = 03C336C91EF78FF300588209 /* Project object */;
			proxyType = 1;
			remoteGlobalIDString = 03C336D01EF78FF300588209;
			remoteInfo = ThisDayInHistory;
		};
/* End PBXContainerItemProxy section */

/* Begin PBXFileReference section */
		03C336D11EF78FF300588209 /* ThisDayInHistory.app */ = {isa = PBXFileReference; explicitFileType = wrapper.application; includeInIndex = 0; path = ThisDayInHistory.app; sourceTree = BUILT_PRODUCTS_DIR; };
		03C336D51EF78FF300588209 /* main.m */ = {isa = PBXFileReference; lastKnownFileType = sourcecode.c.objc; path = main.m; sourceTree = "<group>"; };
		03C336D71EF78FF300588209 /* AppDelegate.h */ = {isa = PBXFileReference; lastKnownFileType = sourcecode.c.h; path = AppDelegate.h; sourceTree = "<group>"; };
		03C336D81EF78FF300588209 /* AppDelegate.m */ = {isa = PBXFileReference; lastKnownFileType = sourcecode.c.objc; path = AppDelegate.m; sourceTree = "<group>"; };
		03C336DB1EF78FF300588209 /* ThisDayInHistory.xcdatamodel */ = {isa = PBXFileReference; lastKnownFileType = wrapper.xcdatamodel; path = ThisDayInHistory.xcdatamodel; sourceTree = "<group>"; };
		03C336DD1EF78FF300588209 /* MasterViewController.h */ = {isa = PBXFileReference; lastKnownFileType = sourcecode.c.h; path = MasterViewController.h; sourceTree = "<group>"; };
		03C336DE1EF78FF300588209 /* MasterViewController.m */ = {isa = PBXFileReference; lastKnownFileType = sourcecode.c.objc; path = MasterViewController.m; sourceTree = "<group>"; };
		03C336E01EF78FF300588209 /* DetailViewController.h */ = {isa = PBXFileReference; lastKnownFileType = sourcecode.c.h; path = DetailViewController.h; sourceTree = "<group>"; };
		03C336E11EF78FF300588209 /* DetailViewController.m */ = {isa = PBXFileReference; lastKnownFileType = sourcecode.c.objc; path = DetailViewController.m; sourceTree = "<group>"; };
		03C336E41EF78FF300588209 /* Base */ = {isa = PBXFileReference; lastKnownFileType = file.storyboard; name = Base; path = Base.lproj/Main.storyboard; sourceTree = "<group>"; };
		03C336E61EF78FF300588209 /* Assets.xcassets */ = {isa = PBXFileReference; lastKnownFileType = folder.assetcatalog; path = Assets.xcassets; sourceTree = "<group>"; };
		03C336E91EF78FF300588209 /* Base */ = {isa = PBXFileReference; lastKnownFileType = file.storyboard; name = Base; path = Base.lproj/LaunchScreen.storyboard; sourceTree = "<group>"; };
		03C336EB1EF78FF300588209 /* Info.plist */ = {isa = PBXFileReference; lastKnownFileType = text.plist.xml; path = Info.plist; sourceTree = "<group>"; };
		03C336F01EF78FF300588209 /* ThisDayInHistoryTests.xctest */ = {isa = PBXFileReference; explicitFileType = wrapper.cfbundle; includeInIndex = 0; path = ThisDayInHistoryTests.xctest; sourceTree = BUILT_PRODUCTS_DIR; };
		03C336F41EF78FF300588209 /* ThisDayInHistoryTests.m */ = {isa = PBXFileReference; lastKnownFileType = sourcecode.c.objc; path = ThisDayInHistoryTests.m; sourceTree = "<group>"; };
		03C336F61EF78FF300588209 /* Info.plist */ = {isa = PBXFileReference; lastKnownFileType = text.plist.xml; path = Info.plist; sourceTree = "<group>"; };
		03C336FB1EF78FF300588209 /* ThisDayInHistoryUITests.xctest */ = {isa = PBXFileReference; explicitFileType = wrapper.cfbundle; includeInIndex = 0; path = ThisDayInHistoryUITests.xctest; sourceTree = BUILT_PRODUCTS_DIR; };
		03C336FF1EF78FF300588209 /* ThisDayInHistoryUITests.m */ = {isa = PBXFileReference; lastKnownFileType = sourcecode.c.objc; path = ThisDayInHistoryUITests.m; sourceTree = "<group>"; };
		03C337011EF78FF300588209 /* Info.plist */ = {isa = PBXFileReference; lastKnownFileType = text.plist.xml; path = Info.plist; sourceTree = "<group>"; };
		03C3370D1EF7962D00588209 /* WikipediaAPIService.h */ = {isa = PBXFileReference; fileEncoding = 4; lastKnownFileType = sourcecode.c.h; path = WikipediaAPIService.h; sourceTree = "<group>"; };
		03C3370E1EF7962D00588209 /* WikipediaAPIService.m */ = {isa = PBXFileReference; fileEncoding = 4; lastKnownFileType = sourcecode.c.objc; path = WikipediaAPIService.m; sourceTree = "<group>"; };
		03C337101EF7B24B00588209 /* ThisDayData.h */ = {isa = PBXFileReference; fileEncoding = 4; lastKnownFileType = sourcecode.c.h; path = ThisDayData.h; sourceTree = "<group>"; };
		03C337111EF7B24B00588209 /* ThisDayData.m */ = {isa = PBXFileReference; fileEncoding = 4; lastKnownFileType = sourcecode.c.objc; path = ThisDayData.m; sourceTree = "<group>"; };
/* End PBXFileReference section */

/* Begin PBXFrameworksBuildPhase section */
		03C336CE1EF78FF300588209 /* Frameworks */ = {
			isa = PBXFrameworksBuildPhase;
			buildActionMask = 2147483647;
			files = (
			);
			runOnlyForDeploymentPostprocessing = 0;
		};
		03C336ED1EF78FF300588209 /* Frameworks */ = {
			isa = PBXFrameworksBuildPhase;
			buildActionMask = 2147483647;
			files = (
			);
			runOnlyForDeploymentPostprocessing = 0;
		};
		03C336F81EF78FF300588209 /* Frameworks */ = {
			isa = PBXFrameworksBuildPhase;
			buildActionMask = 2147483647;
			files = (
			);
			runOnlyForDeploymentPostprocessing = 0;
		};
/* End PBXFrameworksBuildPhase section */

/* Begin PBXGroup section */
		03C336C81EF78FF300588209 = {
			isa = PBXGroup;
			children = (
				03C336D31EF78FF300588209 /* ThisDayInHistory */,
				03C336F31EF78FF300588209 /* ThisDayInHistoryTests */,
				03C336FE1EF78FF300588209 /* ThisDayInHistoryUITests */,
				03C336D21EF78FF300588209 /* Products */,
			);
			sourceTree = "<group>";
		};
		03C336D21EF78FF300588209 /* Products */ = {
			isa = PBXGroup;
			children = (
				03C336D11EF78FF300588209 /* ThisDayInHistory.app */,
				03C336F01EF78FF300588209 /* ThisDayInHistoryTests.xctest */,
				03C336FB1EF78FF300588209 /* ThisDayInHistoryUITests.xctest */,
			);
			name = Products;
			sourceTree = "<group>";
		};
		03C336D31EF78FF300588209 /* ThisDayInHistory */ = {
			isa = PBXGroup;
			children = (
				03C336D71EF78FF300588209 /* AppDelegate.h */,
				03C336D81EF78FF300588209 /* AppDelegate.m */,
				03C336DD1EF78FF300588209 /* MasterViewController.h */,
				03C336DE1EF78FF300588209 /* MasterViewController.m */,
				03C336E01EF78FF300588209 /* DetailViewController.h */,
				03C336E11EF78FF300588209 /* DetailViewController.m */,
				03C336E31EF78FF300588209 /* Main.storyboard */,
				03C336E61EF78FF300588209 /* Assets.xcassets */,
				03C336E81EF78FF300588209 /* LaunchScreen.storyboard */,
				03C336EB1EF78FF300588209 /* Info.plist */,
				03C336DA1EF78FF300588209 /* ThisDayInHistory.xcdatamodeld */,
				03C336D41EF78FF300588209 /* Supporting Files */,
				03C3370D1EF7962D00588209 /* WikipediaAPIService.h */,
				03C3370E1EF7962D00588209 /* WikipediaAPIService.m */,
				03C337101EF7B24B00588209 /* ThisDayData.h */,
				03C337111EF7B24B00588209 /* ThisDayData.m */,
			);
			path = ThisDayInHistory;
			sourceTree = "<group>";
		};
		03C336D41EF78FF300588209 /* Supporting Files */ = {
			isa = PBXGroup;
			children = (
				03C336D51EF78FF300588209 /* main.m */,
			);
			name = "Supporting Files";
			sourceTree = "<group>";
		};
		03C336F31EF78FF300588209 /* ThisDayInHistoryTests */ = {
			isa = PBXGroup;
			children = (
				03C336F41EF78FF300588209 /* ThisDayInHistoryTests.m */,
				03C336F61EF78FF300588209 /* Info.plist */,
			);
			path = ThisDayInHistoryTests;
			sourceTree = "<group>";
		};
		03C336FE1EF78FF300588209 /* ThisDayInHistoryUITests */ = {
			isa = PBXGroup;
			children = (
				03C336FF1EF78FF300588209 /* ThisDayInHistoryUITests.m */,
				03C337011EF78FF300588209 /* Info.plist */,
			);
			path = ThisDayInHistoryUITests;
			sourceTree = "<group>";
		};
/* End PBXGroup section */

/* Begin PBXNativeTarget section */
		03C336D01EF78FF300588209 /* ThisDayInHistory */ = {
			isa = PBXNativeTarget;
			buildConfigurationList = 03C337041EF78FF300588209 /* Build configuration list for PBXNativeTarget "ThisDayInHistory" */;
			buildPhases = (
				03C336CD1EF78FF300588209 /* Sources */,
				03C336CE1EF78FF300588209 /* Frameworks */,
				03C336CF1EF78FF300588209 /* Resources */,
			);
			buildRules = (
			);
			dependencies = (
			);
			name = ThisDayInHistory;
			productName = ThisDayInHistory;
			productReference = 03C336D11EF78FF300588209 /* ThisDayInHistory.app */;
			productType = "com.apple.product-type.application";
		};
		03C336EF1EF78FF300588209 /* ThisDayInHistoryTests */ = {
			isa = PBXNativeTarget;
			buildConfigurationList = 03C337071EF78FF300588209 /* Build configuration list for PBXNativeTarget "ThisDayInHistoryTests" */;
			buildPhases = (
				03C336EC1EF78FF300588209 /* Sources */,
				03C336ED1EF78FF300588209 /* Frameworks */,
				03C336EE1EF78FF300588209 /* Resources */,
			);
			buildRules = (
			);
			dependencies = (
				03C336F21EF78FF300588209 /* PBXTargetDependency */,
			);
			name = ThisDayInHistoryTests;
			productName = ThisDayInHistoryTests;
			productReference = 03C336F01EF78FF300588209 /* ThisDayInHistoryTests.xctest */;
			productType = "com.apple.product-type.bundle.unit-test";
		};
		03C336FA1EF78FF300588209 /* ThisDayInHistoryUITests */ = {
			isa = PBXNativeTarget;
			buildConfigurationList = 03C3370A1EF78FF300588209 /* Build configuration list for PBXNativeTarget "ThisDayInHistoryUITests" */;
			buildPhases = (
				03C336F71EF78FF300588209 /* Sources */,
				03C336F81EF78FF300588209 /* Frameworks */,
				03C336F91EF78FF300588209 /* Resources */,
			);
			buildRules = (
			);
			dependencies = (
				03C336FD1EF78FF300588209 /* PBXTargetDependency */,
			);
			name = ThisDayInHistoryUITests;
			productName = ThisDayInHistoryUITests;
			productReference = 03C336FB1EF78FF300588209 /* ThisDayInHistoryUITests.xctest */;
			productType = "com.apple.product-type.bundle.ui-testing";
		};
/* End PBXNativeTarget section */

/* Begin PBXProject section */
		03C336C91EF78FF300588209 /* Project object */ = {
			isa = PBXProject;
			attributes = {
				LastUpgradeCheck = 0830;
				ORGANIZATIONNAME = "Big Smash Software";
				TargetAttributes = {
					03C336D01EF78FF300588209 = {
						CreatedOnToolsVersion = 8.3.3;
						DevelopmentTeam = JNJPB8D7PF;
						ProvisioningStyle = Automatic;
					};
					03C336EF1EF78FF300588209 = {
						CreatedOnToolsVersion = 8.3.3;
						DevelopmentTeam = JNJPB8D7PF;
						ProvisioningStyle = Automatic;
						TestTargetID = 03C336D01EF78FF300588209;
					};
					03C336FA1EF78FF300588209 = {
						CreatedOnToolsVersion = 8.3.3;
						DevelopmentTeam = JNJPB8D7PF;
						ProvisioningStyle = Automatic;
						TestTargetID = 03C336D01EF78FF300588209;
					};
				};
			};
			buildConfigurationList = 03C336CC1EF78FF300588209 /* Build configuration list for PBXProject "ThisDayInHistory" */;
			compatibilityVersion = "Xcode 3.2";
			developmentRegion = English;
			hasScannedForEncodings = 0;
			knownRegions = (
				en,
				Base,
			);
			mainGroup = 03C336C81EF78FF300588209;
			productRefGroup = 03C336D21EF78FF300588209 /* Products */;
			projectDirPath = "";
			projectRoot = "";
			targets = (
				03C336D01EF78FF300588209 /* ThisDayInHistory */,
				03C336EF1EF78FF300588209 /* ThisDayInHistoryTests */,
				03C336FA1EF78FF300588209 /* ThisDayInHistoryUITests */,
			);
		};
/* End PBXProject section */

/* Begin PBXResourcesBuildPhase section */
		03C336CF1EF78FF300588209 /* Resources */ = {
			isa = PBXResourcesBuildPhase;
			buildActionMask = 2147483647;
			files = (
				03C336EA1EF78FF300588209 /* LaunchScreen.storyboard in Resources */,
				03C336E71EF78FF300588209 /* Assets.xcassets in Resources */,
				03C336E51EF78FF300588209 /* Main.storyboard in Resources */,
			);
			runOnlyForDeploymentPostprocessing = 0;
		};
		03C336EE1EF78FF300588209 /* Resources */ = {
			isa = PBXResourcesBuildPhase;
			buildActionMask = 2147483647;
			files = (
			);
			runOnlyForDeploymentPostprocessing = 0;
		};
		03C336F91EF78FF300588209 /* Resources */ = {
			isa = PBXResourcesBuildPhase;
			buildActionMask = 2147483647;
			files = (
			);
			runOnlyForDeploymentPostprocessing = 0;
		};
/* End PBXResourcesBuildPhase section */

/* Begin PBXSourcesBuildPhase section */
		03C336CD1EF78FF300588209 /* Sources */ = {
			isa = PBXSourcesBuildPhase;
			buildActionMask = 2147483647;
			files = (
				03C336E21EF78FF300588209 /* DetailViewController.m in Sources */,
				03C336DF1EF78FF300588209 /* MasterViewController.m in Sources */,
				03C3370F1EF7962D00588209 /* WikipediaAPIService.m in Sources */,
				03C337121EF7B24B00588209 /* ThisDayData.m in Sources */,
				03C336DC1EF78FF300588209 /* ThisDayInHistory.xcdatamodeld in Sources */,
				03C336D91EF78FF300588209 /* AppDelegate.m in Sources */,
				03C336D61EF78FF300588209 /* main.m in Sources */,
			);
			runOnlyForDeploymentPostprocessing = 0;
		};
		03C336EC1EF78FF300588209 /* Sources */ = {
			isa = PBXSourcesBuildPhase;
			buildActionMask = 2147483647;
			files = (
				03C336F51EF78FF300588209 /* ThisDayInHistoryTests.m in Sources */,
			);
			runOnlyForDeploymentPostprocessing = 0;
		};
		03C336F71EF78FF300588209 /* Sources */ = {
			isa = PBXSourcesBuildPhase;
			buildActionMask = 2147483647;
			files = (
				03C337001EF78FF300588209 /* ThisDayInHistoryUITests.m in Sources */,
			);
			runOnlyForDeploymentPostprocessing = 0;
		};
/* End PBXSourcesBuildPhase section */

/* Begin PBXTargetDependency section */
		03C336F21EF78FF300588209 /* PBXTargetDependency */ = {
			isa = PBXTargetDependency;
			target = 03C336D01EF78FF300588209 /* ThisDayInHistory */;
			targetProxy = 03C336F11EF78FF300588209 /* PBXContainerItemProxy */;
		};
		03C336FD1EF78FF300588209 /* PBXTargetDependency */ = {
			isa = PBXTargetDependency;
			target = 03C336D01EF78FF300588209 /* ThisDayInHistory */;
			targetProxy = 03C336FC1EF78FF300588209 /* PBXContainerItemProxy */;
		};
/* End PBXTargetDependency section */

/* Begin PBXVariantGroup section */
		03C336E31EF78FF300588209 /* Main.storyboard */ = {
			isa = PBXVariantGroup;
			children = (
				03C336E41EF78FF300588209 /* Base */,
			);
			name = Main.storyboard;
			sourceTree = "<group>";
		};
		03C336E81EF78FF300588209 /* LaunchScreen.storyboard */ = {
			isa = PBXVariantGroup;
			children = (
				03C336E91EF78FF300588209 /* Base */,
			);
			name = LaunchScreen.storyboard;
			sourceTree = "<group>";
		};
/* End PBXVariantGroup section */

/* Begin XCBuildConfiguration section */
		03C337021EF78FF300588209 /* Debug */ = {
			isa = XCBuildConfiguration;
			buildSettings = {
				ALWAYS_SEARCH_USER_PATHS = NO;
				CLANG_ANALYZER_NONNULL = YES;
				CLANG_ANALYZER_NUMBER_OBJECT_CONVERSION = YES_AGGRESSIVE;
				CLANG_CXX_LANGUAGE_STANDARD = "gnu++0x";
				CLANG_CXX_LIBRARY = "libc++";
				CLANG_ENABLE_MODULES = YES;
				CLANG_ENABLE_OBJC_ARC = YES;
				CLANG_WARN_BOOL_CONVERSION = YES;
				CLANG_WARN_CONSTANT_CONVERSION = YES;
				CLANG_WARN_DIRECT_OBJC_ISA_USAGE = YES_ERROR;
				CLANG_WARN_DOCUMENTATION_COMMENTS = YES;
				CLANG_WARN_EMPTY_BODY = YES;
				CLANG_WARN_ENUM_CONVERSION = YES;
				CLANG_WARN_INFINITE_RECURSION = YES;
				CLANG_WARN_INT_CONVERSION = YES;
				CLANG_WARN_OBJC_ROOT_CLASS = YES_ERROR;
				CLANG_WARN_SUSPICIOUS_MOVE = YES;
				CLANG_WARN_UNREACHABLE_CODE = YES;
				CLANG_WARN__DUPLICATE_METHOD_MATCH = YES;
				"CODE_SIGN_IDENTITY[sdk=iphoneos*]" = "iPhone Developer";
				COPY_PHASE_STRIP = NO;
				DEBUG_INFORMATION_FORMAT = dwarf;
				ENABLE_STRICT_OBJC_MSGSEND = YES;
				ENABLE_TESTABILITY = YES;
				GCC_C_LANGUAGE_STANDARD = gnu99;
				GCC_DYNAMIC_NO_PIC = NO;
				GCC_NO_COMMON_BLOCKS = YES;
				GCC_OPTIMIZATION_LEVEL = 0;
				GCC_PREPROCESSOR_DEFINITIONS = (
					"DEBUG=1",
					"$(inherited)",
				);
				GCC_WARN_64_TO_32_BIT_CONVERSION = YES;
				GCC_WARN_ABOUT_RETURN_TYPE = YES_ERROR;
				GCC_WARN_UNDECLARED_SELECTOR = YES;
				GCC_WARN_UNINITIALIZED_AUTOS = YES_AGGRESSIVE;
				GCC_WARN_UNUSED_FUNCTION = YES;
				GCC_WARN_UNUSED_VARIABLE = YES;
				IPHONEOS_DEPLOYMENT_TARGET = 10.3;
				MTL_ENABLE_DEBUG_INFO = YES;
				ONLY_ACTIVE_ARCH = YES;
				SDKROOT = iphoneos;
				TARGETED_DEVICE_FAMILY = "1,2";
			};
			name = Debug;
		};
		03C337031EF78FF300588209 /* Release */ = {
			isa = XCBuildConfiguration;
			buildSettings = {
				ALWAYS_SEARCH_USER_PATHS = NO;
				CLANG_ANALYZER_NONNULL = YES;
				CLANG_ANALYZER_NUMBER_OBJECT_CONVERSION = YES_AGGRESSIVE;
				CLANG_CXX_LANGUAGE_STANDARD = "gnu++0x";
				CLANG_CXX_LIBRARY = "libc++";
				CLANG_ENABLE_MODULES = YES;
				CLANG_ENABLE_OBJC_ARC = YES;
				CLANG_WARN_BOOL_CONVERSION = YES;
				CLANG_WARN_CONSTANT_CONVERSION = YES;
				CLANG_WARN_DIRECT_OBJC_ISA_USAGE = YES_ERROR;
				CLANG_WARN_DOCUMENTATION_COMMENTS = YES;
				CLANG_WARN_EMPTY_BODY = YES;
				CLANG_WARN_ENUM_CONVERSION = YES;
				CLANG_WARN_INFINITE_RECURSION = YES;
				CLANG_WARN_INT_CONVERSION = YES;
				CLANG_WARN_OBJC_ROOT_CLASS = YES_ERROR;
				CLANG_WARN_SUSPICIOUS_MOVE = YES;
				CLANG_WARN_UNREACHABLE_CODE = YES;
				CLANG_WARN__DUPLICATE_METHOD_MATCH = YES;
				"CODE_SIGN_IDENTITY[sdk=iphoneos*]" = "iPhone Developer";
				COPY_PHASE_STRIP = NO;
				DEBUG_INFORMATION_FORMAT = "dwarf-with-dsym";
				ENABLE_NS_ASSERTIONS = NO;
				ENABLE_STRICT_OBJC_MSGSEND = YES;
				GCC_C_LANGUAGE_STANDARD = gnu99;
				GCC_NO_COMMON_BLOCKS = YES;
				GCC_WARN_64_TO_32_BIT_CONVERSION = YES;
				GCC_WARN_ABOUT_RETURN_TYPE = YES_ERROR;
				GCC_WARN_UNDECLARED_SELECTOR = YES;
				GCC_WARN_UNINITIALIZED_AUTOS = YES_AGGRESSIVE;
				GCC_WARN_UNUSED_FUNCTION = YES;
				GCC_WARN_UNUSED_VARIABLE = YES;
				IPHONEOS_DEPLOYMENT_TARGET = 10.3;
				MTL_ENABLE_DEBUG_INFO = NO;
				SDKROOT = iphoneos;
				TARGETED_DEVICE_FAMILY = "1,2";
				VALIDATE_PRODUCT = YES;
			};
			name = Release;
		};
		03C337051EF78FF300588209 /* Debug */ = {
			isa = XCBuildConfiguration;
			buildSettings = {
				ASSETCATALOG_COMPILER_APPICON_NAME = AppIcon;
				DEVELOPMENT_TEAM = JNJPB8D7PF;
				INFOPLIST_FILE = ThisDayInHistory/Info.plist;
				LD_RUNPATH_SEARCH_PATHS = "$(inherited) @executable_path/Frameworks";
				PRODUCT_BUNDLE_IDENTIFIER = BigSmashSoftware.ThisDayInHistory;
				PRODUCT_NAME = "$(TARGET_NAME)";
			};
			name = Debug;
		};
		03C337061EF78FF300588209 /* Release */ = {
			isa = XCBuildConfiguration;
			buildSettings = {
				ASSETCATALOG_COMPILER_APPICON_NAME = AppIcon;
				DEVELOPMENT_TEAM = JNJPB8D7PF;
				INFOPLIST_FILE = ThisDayInHistory/Info.plist;
				LD_RUNPATH_SEARCH_PATHS = "$(inherited) @executable_path/Frameworks";
				PRODUCT_BUNDLE_IDENTIFIER = BigSmashSoftware.ThisDayInHistory;
				PRODUCT_NAME = "$(TARGET_NAME)";
			};
			name = Release;
		};
		03C337081EF78FF300588209 /* Debug */ = {
			isa = XCBuildConfiguration;
			buildSettings = {
				BUNDLE_LOADER = "$(TEST_HOST)";
				DEVELOPMENT_TEAM = JNJPB8D7PF;
				INFOPLIST_FILE = ThisDayInHistoryTests/Info.plist;
				LD_RUNPATH_SEARCH_PATHS = "$(inherited) @executable_path/Frameworks @loader_path/Frameworks";
				PRODUCT_BUNDLE_IDENTIFIER = BigSmashSoftware.ThisDayInHistoryTests;
				PRODUCT_NAME = "$(TARGET_NAME)";
				TEST_HOST = "$(BUILT_PRODUCTS_DIR)/ThisDayInHistory.app/ThisDayInHistory";
			};
			name = Debug;
		};
		03C337091EF78FF300588209 /* Release */ = {
			isa = XCBuildConfiguration;
			buildSettings = {
				BUNDLE_LOADER = "$(TEST_HOST)";
				DEVELOPMENT_TEAM = JNJPB8D7PF;
				INFOPLIST_FILE = ThisDayInHistoryTests/Info.plist;
				LD_RUNPATH_SEARCH_PATHS = "$(inherited) @executable_path/Frameworks @loader_path/Frameworks";
				PRODUCT_BUNDLE_IDENTIFIER = BigSmashSoftware.ThisDayInHistoryTests;
				PRODUCT_NAME = "$(TARGET_NAME)";
				TEST_HOST = "$(BUILT_PRODUCTS_DIR)/ThisDayInHistory.app/ThisDayInHistory";
			};
			name = Release;
		};
		03C3370B1EF78FF300588209 /* Debug */ = {
			isa = XCBuildConfiguration;
			buildSettings = {
				DEVELOPMENT_TEAM = JNJPB8D7PF;
				INFOPLIST_FILE = ThisDayInHistoryUITests/Info.plist;
				LD_RUNPATH_SEARCH_PATHS = "$(inherited) @executable_path/Frameworks @loader_path/Frameworks";
				PRODUCT_BUNDLE_IDENTIFIER = BigSmashSoftware.ThisDayInHistoryUITests;
				PRODUCT_NAME = "$(TARGET_NAME)";
				TEST_TARGET_NAME = ThisDayInHistory;
			};
			name = Debug;
		};
		03C3370C1EF78FF300588209 /* Release */ = {
			isa = XCBuildConfiguration;
			buildSettings = {
				DEVELOPMENT_TEAM = JNJPB8D7PF;
				INFOPLIST_FILE = ThisDayInHistoryUITests/Info.plist;
				LD_RUNPATH_SEARCH_PATHS = "$(inherited) @executable_path/Frameworks @loader_path/Frameworks";
				PRODUCT_BUNDLE_IDENTIFIER = BigSmashSoftware.ThisDayInHistoryUITests;
				PRODUCT_NAME = "$(TARGET_NAME)";
				TEST_TARGET_NAME = ThisDayInHistory;
			};
			name = Release;
		};
/* End XCBuildConfiguration section */

/* Begin XCConfigurationList section */
		03C336CC1EF78FF300588209 /* Build configuration list for PBXProject "ThisDayInHistory" */ = {
			isa = XCConfigurationList;
			buildConfigurations = (
				03C337021EF78FF300588209 /* Debug */,
				03C337031EF78FF300588209 /* Release */,
			);
			defaultConfigurationIsVisible = 0;
			defaultConfigurationName = Release;
		};
		03C337041EF78FF300588209 /* Build configuration list for PBXNativeTarget "ThisDayInHistory" */ = {
			isa = XCConfigurationList;
			buildConfigurations = (
				03C337051EF78FF300588209 /* Debug */,
				03C337061EF78FF300588209 /* Release */,
			);
			defaultConfigurationIsVisible = 0;
		};
		03C337071EF78FF300588209 /* Build configuration list for PBXNativeTarget "ThisDayInHistoryTests" */ = {
			isa = XCConfigurationList;
			buildConfigurations = (
				03C337081EF78FF300588209 /* Debug */,
				03C337091EF78FF300588209 /* Release */,
			);
			defaultConfigurationIsVisible = 0;
		};
		03C3370A1EF78FF300588209 /* Build configuration list for PBXNativeTarget "ThisDayInHistoryUITests" */ = {
			isa = XCConfigurationList;
			buildConfigurations = (
				03C3370B1EF78FF300588209 /* Debug */,
				03C3370C1EF78FF300588209 /* Release */,
			);
			defaultConfigurationIsVisible = 0;
		};
/* End XCConfigurationList section */

/* Begin XCVersionGroup section */
		03C336DA1EF78FF300588209 /* ThisDayInHistory.xcdatamodeld */ = {
			isa = XCVersionGroup;
			children = (
				03C336DB1EF78FF300588209 /* ThisDayInHistory.xcdatamodel */,
			);
			currentVersion = 03C336DB1EF78FF300588209 /* ThisDayInHistory.xcdatamodel */;
			path = ThisDayInHistory.xcdatamodeld;
			sourceTree = "<group>";
			versionGroupType = wrapper.xcdatamodel;
		};
/* End XCVersionGroup section */
	};
	rootObject = 03C336C91EF78FF300588209 /* Project object */;
}
